// !$*UTF8*$!
{
	archiveVersion = 1;
	classes = {
	};
	objectVersion = 77;
	objects = {

/* Begin PBXBuildFile section */
		15AC96CE2DF17A510071110E /* ChatViewController.swift in Sources */ = {isa = PBXBuildFile; fileRef = 15AC96CD2DF17A510071110E /* ChatViewController.swift */; };
		15AC96E82DF17BCF0071110E /* ChatMessageModel.swift in Sources */ = {isa = PBXBuildFile; fileRef = 15AC96E72DF17BCF0071110E /* ChatMessageModel.swift */; };
		15AC96EA2DF17BE70071110E /* ChatRequestModel.swift in Sources */ = {isa = PBXBuildFile; fileRef = 15AC96E92DF17BE70071110E /* ChatRequestModel.swift */; };
		15AC96EC2DF17BFE0071110E /* ChatResponseModel.swift in Sources */ = {isa = PBXBuildFile; fileRef = 15AC96EB2DF17BFE0071110E /* ChatResponseModel.swift */; };
		15AC96EE2DF17C2C0071110E /* APIConfiguration.swift in Sources */ = {isa = PBXBuildFile; fileRef = 15AC96ED2DF17C2C0071110E /* APIConfiguration.swift */; };
		15AC96F12DF17C4D0071110E /* SnapKit in Frameworks */ = {isa = PBXBuildFile; productRef = 15AC96F02DF17C4D0071110E /* SnapKit */; };
		15AC96F42DF17C5E0071110E /* Alamofire in Frameworks */ = {isa = PBXBuildFile; productRef = 15AC96F32DF17C5E0071110E /* Alamofire */; };
		15AC96F62DF17C760071110E /* ChatAPIService.swift in Sources */ = {isa = PBXBuildFile; fileRef = 15AC96F52DF17C760071110E /* ChatAPIService.swift */; };
		15AC96F82DF17CCD0071110E /* ChatViewModel.swift in Sources */ = {isa = PBXBuildFile; fileRef = 15AC96F72DF17CCD0071110E /* ChatViewModel.swift */; };
		15AC96FA2DF17CFD0071110E /* ChatMessageCell.swift in Sources */ = {isa = PBXBuildFile; fileRef = 15AC96F92DF17CFD0071110E /* ChatMessageCell.swift */; };
		15AC96FC2DF17D2A0071110E /* ChatInputBarView.swift in Sources */ = {isa = PBXBuildFile; fileRef = 15AC96FB2DF17D2A0071110E /* ChatInputBarView.swift */; };
		15AC96FF2DF2C0150071110E /* Lottie in Frameworks */ = {isa = PBXBuildFile; productRef = 15AC96FE2DF2C0150071110E /* Lottie */; };
		15AC97022DF2C1050071110E /* AIAnimation.json in Resources */ = {isa = PBXBuildFile; fileRef = 15AC97012DF2C1050071110E /* AIAnimation.json */; };
		15AC97042DF2D8490071110E /* loadingPoint.json in Resources */ = {isa = PBXBuildFile; fileRef = 15AC97032DF2D8490071110E /* loadingPoint.json */; };
		15AC97302DF2E6610071110E /* ChatRoomModel.swift in Sources */ = {isa = PBXBuildFile; fileRef = 15AC972F2DF2E6610071110E /* ChatRoomModel.swift */; };
		15AC97332DF2E6BC0071110E /* ChatRoomManager.swift in Sources */ = {isa = PBXBuildFile; fileRef = 15AC97322DF2E6BC0071110E /* ChatRoomManager.swift */; };
		15AC97352DF2E7250071110E /* ChatRoomListViewController.swift in Sources */ = {isa = PBXBuildFile; fileRef = 15AC97342DF2E7250071110E /* ChatRoomListViewController.swift */; };
/* End PBXBuildFile section */

/* Begin PBXContainerItemProxy section */
		15AC96AE2DF1796E0071110E /* PBXContainerItemProxy */ = {
			isa = PBXContainerItemProxy;
			containerPortal = 15AC968C2DF1796C0071110E /* Project object */;
			proxyType = 1;
			remoteGlobalIDString = 15AC96932DF1796C0071110E;
			remoteInfo = OpenAI_SideProject;
		};
		15AC96B82DF1796E0071110E /* PBXContainerItemProxy */ = {
			isa = PBXContainerItemProxy;
			containerPortal = 15AC968C2DF1796C0071110E /* Project object */;
			proxyType = 1;
			remoteGlobalIDString = 15AC96932DF1796C0071110E;
			remoteInfo = OpenAI_SideProject;
		};
/* End PBXContainerItemProxy section */

/* Begin PBXFileReference section */
		15AC96942DF1796C0071110E /* OpenAI_SideProject.app */ = {isa = PBXFileReference; explicitFileType = wrapper.application; includeInIndex = 0; path = OpenAI_SideProject.app; sourceTree = BUILT_PRODUCTS_DIR; };
		15AC96AD2DF1796E0071110E /* OpenAI_SideProjectTests.xctest */ = {isa = PBXFileReference; explicitFileType = wrapper.cfbundle; includeInIndex = 0; path = OpenAI_SideProjectTests.xctest; sourceTree = BUILT_PRODUCTS_DIR; };
		15AC96B72DF1796E0071110E /* OpenAI_SideProjectUITests.xctest */ = {isa = PBXFileReference; explicitFileType = wrapper.cfbundle; includeInIndex = 0; path = OpenAI_SideProjectUITests.xctest; sourceTree = BUILT_PRODUCTS_DIR; };
		15AC96CD2DF17A510071110E /* ChatViewController.swift */ = {isa = PBXFileReference; lastKnownFileType = sourcecode.swift; path = ChatViewController.swift; sourceTree = "<group>"; };
		15AC96E72DF17BCF0071110E /* ChatMessageModel.swift */ = {isa = PBXFileReference; lastKnownFileType = sourcecode.swift; path = ChatMessageModel.swift; sourceTree = "<group>"; };
		15AC96E92DF17BE70071110E /* ChatRequestModel.swift */ = {isa = PBXFileReference; lastKnownFileType = sourcecode.swift; path = ChatRequestModel.swift; sourceTree = "<group>"; };
		15AC96EB2DF17BFE0071110E /* ChatResponseModel.swift */ = {isa = PBXFileReference; lastKnownFileType = sourcecode.swift; path = ChatResponseModel.swift; sourceTree = "<group>"; };
		15AC96ED2DF17C2C0071110E /* APIConfiguration.swift */ = {isa = PBXFileReference; lastKnownFileType = sourcecode.swift; path = APIConfiguration.swift; sourceTree = "<group>"; };
		15AC96F52DF17C760071110E /* ChatAPIService.swift */ = {isa = PBXFileReference; lastKnownFileType = sourcecode.swift; path = ChatAPIService.swift; sourceTree = "<group>"; };
		15AC96F72DF17CCD0071110E /* ChatViewModel.swift */ = {isa = PBXFileReference; lastKnownFileType = sourcecode.swift; path = ChatViewModel.swift; sourceTree = "<group>"; };
		15AC96F92DF17CFD0071110E /* ChatMessageCell.swift */ = {isa = PBXFileReference; lastKnownFileType = sourcecode.swift; path = ChatMessageCell.swift; sourceTree = "<group>"; };
		15AC96FB2DF17D2A0071110E /* ChatInputBarView.swift */ = {isa = PBXFileReference; lastKnownFileType = sourcecode.swift; path = ChatInputBarView.swift; sourceTree = "<group>"; };
		15AC97012DF2C1050071110E /* AIAnimation.json */ = {isa = PBXFileReference; lastKnownFileType = text.json; path = AIAnimation.json; sourceTree = "<group>"; };
		15AC97032DF2D8490071110E /* loadingPoint.json */ = {isa = PBXFileReference; lastKnownFileType = text.json; path = loadingPoint.json; sourceTree = "<group>"; };
		15AC972F2DF2E6610071110E /* ChatRoomModel.swift */ = {isa = PBXFileReference; lastKnownFileType = sourcecode.swift; path = ChatRoomModel.swift; sourceTree = "<group>"; };
		15AC97322DF2E6BC0071110E /* ChatRoomManager.swift */ = {isa = PBXFileReference; lastKnownFileType = sourcecode.swift; path = ChatRoomManager.swift; sourceTree = "<group>"; };
		15AC97342DF2E7250071110E /* ChatRoomListViewController.swift */ = {isa = PBXFileReference; lastKnownFileType = sourcecode.swift; path = ChatRoomListViewController.swift; sourceTree = "<group>"; };
/* End PBXFileReference section */

/* Begin PBXFileSystemSynchronizedBuildFileExceptionSet section */
		15AC96BF2DF1796E0071110E /* Exceptions for "OpenAI_SideProject" folder in "OpenAI_SideProject" target */ = {
			isa = PBXFileSystemSynchronizedBuildFileExceptionSet;
			membershipExceptions = (
				Info.plist,
			);
			target = 15AC96932DF1796C0071110E /* OpenAI_SideProject */;
		};
/* End PBXFileSystemSynchronizedBuildFileExceptionSet section */

/* Begin PBXFileSystemSynchronizedRootGroup section */
		15AC96962DF1796C0071110E /* OpenAI_SideProject */ = {
			isa = PBXFileSystemSynchronizedRootGroup;
			exceptions = (
				15AC96BF2DF1796E0071110E /* Exceptions for "OpenAI_SideProject" folder in "OpenAI_SideProject" target */,
			);
			path = OpenAI_SideProject;
			sourceTree = "<group>";
		};
		15AC96B02DF1796E0071110E /* OpenAI_SideProjectTests */ = {
			isa = PBXFileSystemSynchronizedRootGroup;
			path = OpenAI_SideProjectTests;
			sourceTree = "<group>";
		};
		15AC96BA2DF1796E0071110E /* OpenAI_SideProjectUITests */ = {
			isa = PBXFileSystemSynchronizedRootGroup;
			path = OpenAI_SideProjectUITests;
			sourceTree = "<group>";
		};
/* End PBXFileSystemSynchronizedRootGroup section */

/* Begin PBXFrameworksBuildPhase section */
		15AC96912DF1796C0071110E /* Frameworks */ = {
			isa = PBXFrameworksBuildPhase;
			buildActionMask = 2147483647;
			files = (
				15AC96F12DF17C4D0071110E /* SnapKit in Frameworks */,
				15AC96F42DF17C5E0071110E /* Alamofire in Frameworks */,
				15AC96FF2DF2C0150071110E /* Lottie in Frameworks */,
			);
			runOnlyForDeploymentPostprocessing = 0;
		};
		15AC96AA2DF1796E0071110E /* Frameworks */ = {
			isa = PBXFrameworksBuildPhase;
			buildActionMask = 2147483647;
			files = (
			);
			runOnlyForDeploymentPostprocessing = 0;
		};
		15AC96B42DF1796E0071110E /* Frameworks */ = {
			isa = PBXFrameworksBuildPhase;
			buildActionMask = 2147483647;
			files = (
			);
			runOnlyForDeploymentPostprocessing = 0;
		};
/* End PBXFrameworksBuildPhase section */

/* Begin PBXGroup section */
		15AC968B2DF1796C0071110E = {
			isa = PBXGroup;
			children = (
				15AC97312DF2E6AA0071110E /* Managers */,
				15AC97002DF2C01E0071110E /* Animations */,
				15AC96D12DF17B780071110E /* Services */,
				15AC96D02DF17B720071110E /* ViewModels */,
				15AC96CF2DF17B690071110E /* Models */,
				15AC96CB2DF17A370071110E /* Views */,
				15AC96962DF1796C0071110E /* OpenAI_SideProject */,
				15AC96B02DF1796E0071110E /* OpenAI_SideProjectTests */,
				15AC96BA2DF1796E0071110E /* OpenAI_SideProjectUITests */,
				15AC96952DF1796C0071110E /* Products */,
			);
			sourceTree = "<group>";
		};
		15AC96952DF1796C0071110E /* Products */ = {
			isa = PBXGroup;
			children = (
				15AC96942DF1796C0071110E /* OpenAI_SideProject.app */,
				15AC96AD2DF1796E0071110E /* OpenAI_SideProjectTests.xctest */,
				15AC96B72DF1796E0071110E /* OpenAI_SideProjectUITests.xctest */,
			);
			name = Products;
			sourceTree = "<group>";
		};
		15AC96CB2DF17A370071110E /* Views */ = {
			isa = PBXGroup;
			children = (
				15AC96CC2DF17A3D0071110E /* ChatView */,
			);
			path = Views;
			sourceTree = "<group>";
		};
		15AC96CC2DF17A3D0071110E /* ChatView */ = {
			isa = PBXGroup;
			children = (
				15AC96CD2DF17A510071110E /* ChatViewController.swift */,
				15AC96F92DF17CFD0071110E /* ChatMessageCell.swift */,
				15AC96FB2DF17D2A0071110E /* ChatInputBarView.swift */,
				15AC97342DF2E7250071110E /* ChatRoomListViewController.swift */,
			);
			path = ChatView;
			sourceTree = "<group>";
		};
		15AC96CF2DF17B690071110E /* Models */ = {
			isa = PBXGroup;
			children = (
				15AC96D22DF17B7E0071110E /* ChatModels */,
			);
			path = Models;
			sourceTree = "<group>";
		};
		15AC96D02DF17B720071110E /* ViewModels */ = {
			isa = PBXGroup;
			children = (
				15AC96F72DF17CCD0071110E /* ChatViewModel.swift */,
			);
			path = ViewModels;
			sourceTree = "<group>";
		};
		15AC96D12DF17B780071110E /* Services */ = {
			isa = PBXGroup;
			children = (
				15AC96F52DF17C760071110E /* ChatAPIService.swift */,
				15AC96ED2DF17C2C0071110E /* APIConfiguration.swift */,
			);
			path = Services;
			sourceTree = "<group>";
		};
		15AC96D22DF17B7E0071110E /* ChatModels */ = {
			isa = PBXGroup;
			children = (
				15AC96E72DF17BCF0071110E /* ChatMessageModel.swift */,
				15AC96E92DF17BE70071110E /* ChatRequestModel.swift */,
				15AC96EB2DF17BFE0071110E /* ChatResponseModel.swift */,
				15AC972F2DF2E6610071110E /* ChatRoomModel.swift */,
			);
			path = ChatModels;
			sourceTree = "<group>";
		};
		15AC97002DF2C01E0071110E /* Animations */ = {
			isa = PBXGroup;
			children = (
				15AC97032DF2D8490071110E /* loadingPoint.json */,
				15AC97012DF2C1050071110E /* AIAnimation.json */,
			);
			path = Animations;
			sourceTree = "<group>";
		};
		15AC97312DF2E6AA0071110E /* Managers */ = {
			isa = PBXGroup;
			children = (
				15AC97322DF2E6BC0071110E /* ChatRoomManager.swift */,
			);
			path = Managers;
			sourceTree = "<group>";
		};
/* End PBXGroup section */

/* Begin PBXNativeTarget section */
		15AC96932DF1796C0071110E /* OpenAI_SideProject */ = {
			isa = PBXNativeTarget;
			buildConfigurationList = 15AC96C02DF1796E0071110E /* Build configuration list for PBXNativeTarget "OpenAI_SideProject" */;
			buildPhases = (
				15AC96902DF1796C0071110E /* Sources */,
				15AC96912DF1796C0071110E /* Frameworks */,
				15AC96922DF1796C0071110E /* Resources */,
			);
			buildRules = (
			);
			dependencies = (
			);
			fileSystemSynchronizedGroups = (
				15AC96962DF1796C0071110E /* OpenAI_SideProject */,
			);
			name = OpenAI_SideProject;
			packageProductDependencies = (
				15AC96F02DF17C4D0071110E /* SnapKit */,
				15AC96F32DF17C5E0071110E /* Alamofire */,
				15AC96FE2DF2C0150071110E /* Lottie */,
			);
			productName = OpenAI_SideProject;
			productReference = 15AC96942DF1796C0071110E /* OpenAI_SideProject.app */;
			productType = "com.apple.product-type.application";
		};
		15AC96AC2DF1796E0071110E /* OpenAI_SideProjectTests */ = {
			isa = PBXNativeTarget;
			buildConfigurationList = 15AC96C52DF1796E0071110E /* Build configuration list for PBXNativeTarget "OpenAI_SideProjectTests" */;
			buildPhases = (
				15AC96A92DF1796E0071110E /* Sources */,
				15AC96AA2DF1796E0071110E /* Frameworks */,
				15AC96AB2DF1796E0071110E /* Resources */,
			);
			buildRules = (
			);
			dependencies = (
				15AC96AF2DF1796E0071110E /* PBXTargetDependency */,
			);
			fileSystemSynchronizedGroups = (
				15AC96B02DF1796E0071110E /* OpenAI_SideProjectTests */,
			);
			name = OpenAI_SideProjectTests;
			packageProductDependencies = (
			);
			productName = OpenAI_SideProjectTests;
			productReference = 15AC96AD2DF1796E0071110E /* OpenAI_SideProjectTests.xctest */;
			productType = "com.apple.product-type.bundle.unit-test";
		};
		15AC96B62DF1796E0071110E /* OpenAI_SideProjectUITests */ = {
			isa = PBXNativeTarget;
			buildConfigurationList = 15AC96C82DF1796E0071110E /* Build configuration list for PBXNativeTarget "OpenAI_SideProjectUITests" */;
			buildPhases = (
				15AC96B32DF1796E0071110E /* Sources */,
				15AC96B42DF1796E0071110E /* Frameworks */,
				15AC96B52DF1796E0071110E /* Resources */,
			);
			buildRules = (
			);
			dependencies = (
				15AC96B92DF1796E0071110E /* PBXTargetDependency */,
			);
			fileSystemSynchronizedGroups = (
				15AC96BA2DF1796E0071110E /* OpenAI_SideProjectUITests */,
			);
			name = OpenAI_SideProjectUITests;
			packageProductDependencies = (
			);
			productName = OpenAI_SideProjectUITests;
			productReference = 15AC96B72DF1796E0071110E /* OpenAI_SideProjectUITests.xctest */;
			productType = "com.apple.product-type.bundle.ui-testing";
		};
/* End PBXNativeTarget section */

/* Begin PBXProject section */
		15AC968C2DF1796C0071110E /* Project object */ = {
			isa = PBXProject;
			attributes = {
				BuildIndependentTargetsInParallel = 1;
				LastSwiftUpdateCheck = 1640;
				LastUpgradeCheck = 1640;
				TargetAttributes = {
					15AC96932DF1796C0071110E = {
						CreatedOnToolsVersion = 16.4;
					};
					15AC96AC2DF1796E0071110E = {
						CreatedOnToolsVersion = 16.4;
						TestTargetID = 15AC96932DF1796C0071110E;
					};
					15AC96B62DF1796E0071110E = {
						CreatedOnToolsVersion = 16.4;
						TestTargetID = 15AC96932DF1796C0071110E;
					};
				};
			};
			buildConfigurationList = 15AC968F2DF1796C0071110E /* Build configuration list for PBXProject "OpenAI_SideProject" */;
			developmentRegion = en;
			hasScannedForEncodings = 0;
			knownRegions = (
				en,
				Base,
			);
			mainGroup = 15AC968B2DF1796C0071110E;
			minimizedProjectReferenceProxies = 1;
			packageReferences = (
				15AC96EF2DF17C4D0071110E /* XCRemoteSwiftPackageReference "SnapKit" */,
				15AC96F22DF17C5E0071110E /* XCRemoteSwiftPackageReference "Alamofire" */,
				15AC96FD2DF2C0150071110E /* XCRemoteSwiftPackageReference "lottie-ios" */,
			);
			preferredProjectObjectVersion = 77;
			productRefGroup = 15AC96952DF1796C0071110E /* Products */;
			projectDirPath = "";
			projectRoot = "";
			targets = (
				15AC96932DF1796C0071110E /* OpenAI_SideProject */,
				15AC96AC2DF1796E0071110E /* OpenAI_SideProjectTests */,
				15AC96B62DF1796E0071110E /* OpenAI_SideProjectUITests */,
			);
		};
/* End PBXProject section */

/* Begin PBXResourcesBuildPhase section */
		15AC96922DF1796C0071110E /* Resources */ = {
			isa = PBXResourcesBuildPhase;
			buildActionMask = 2147483647;
			files = (
				15AC97042DF2D8490071110E /* loadingPoint.json in Resources */,
				15AC97022DF2C1050071110E /* AIAnimation.json in Resources */,
			);
			runOnlyForDeploymentPostprocessing = 0;
		};
		15AC96AB2DF1796E0071110E /* Resources */ = {
			isa = PBXResourcesBuildPhase;
			buildActionMask = 2147483647;
			files = (
			);
			runOnlyForDeploymentPostprocessing = 0;
		};
		15AC96B52DF1796E0071110E /* Resources */ = {
			isa = PBXResourcesBuildPhase;
			buildActionMask = 2147483647;
			files = (
			);
			runOnlyForDeploymentPostprocessing = 0;
		};
/* End PBXResourcesBuildPhase section */

/* Begin PBXSourcesBuildPhase section */
		15AC96902DF1796C0071110E /* Sources */ = {
			isa = PBXSourcesBuildPhase;
			buildActionMask = 2147483647;
			files = (
				15AC96F62DF17C760071110E /* ChatAPIService.swift in Sources */,
				15AC96EA2DF17BE70071110E /* ChatRequestModel.swift in Sources */,
				15AC96EE2DF17C2C0071110E /* APIConfiguration.swift in Sources */,
				15AC96EC2DF17BFE0071110E /* ChatResponseModel.swift in Sources */,
				15AC96CE2DF17A510071110E /* ChatViewController.swift in Sources */,
				15AC97302DF2E6610071110E /* ChatRoomModel.swift in Sources */,
				15AC97332DF2E6BC0071110E /* ChatRoomManager.swift in Sources */,
				15AC96FA2DF17CFD0071110E /* ChatMessageCell.swift in Sources */,
				15AC96FC2DF17D2A0071110E /* ChatInputBarView.swift in Sources */,
				15AC96F82DF17CCD0071110E /* ChatViewModel.swift in Sources */,
				15AC97352DF2E7250071110E /* ChatRoomListViewController.swift in Sources */,
				15AC96E82DF17BCF0071110E /* ChatMessageModel.swift in Sources */,
			);
			runOnlyForDeploymentPostprocessing = 0;
		};
		15AC96A92DF1796E0071110E /* Sources */ = {
			isa = PBXSourcesBuildPhase;
			buildActionMask = 2147483647;
			files = (
			);
			runOnlyForDeploymentPostprocessing = 0;
		};
		15AC96B32DF1796E0071110E /* Sources */ = {
			isa = PBXSourcesBuildPhase;
			buildActionMask = 2147483647;
			files = (
			);
			runOnlyForDeploymentPostprocessing = 0;
		};
/* End PBXSourcesBuildPhase section */

/* Begin PBXTargetDependency section */
		15AC96AF2DF1796E0071110E /* PBXTargetDependency */ = {
			isa = PBXTargetDependency;
			target = 15AC96932DF1796C0071110E /* OpenAI_SideProject */;
			targetProxy = 15AC96AE2DF1796E0071110E /* PBXContainerItemProxy */;
		};
		15AC96B92DF1796E0071110E /* PBXTargetDependency */ = {
			isa = PBXTargetDependency;
			target = 15AC96932DF1796C0071110E /* OpenAI_SideProject */;
			targetProxy = 15AC96B82DF1796E0071110E /* PBXContainerItemProxy */;
		};
/* End PBXTargetDependency section */

/* Begin XCBuildConfiguration section */
		15AC96C12DF1796E0071110E /* Debug */ = {
			isa = XCBuildConfiguration;
			buildSettings = {
				ASSETCATALOG_COMPILER_APPICON_NAME = AppIcon;
				ASSETCATALOG_COMPILER_GLOBAL_ACCENT_COLOR_NAME = AccentColor;
				CODE_SIGN_STYLE = Automatic;
				CURRENT_PROJECT_VERSION = 1;
				DEVELOPMENT_TEAM = G5A93Q7SG9;
				GENERATE_INFOPLIST_FILE = YES;
				INFOPLIST_FILE = OpenAI_SideProject/Info.plist;
				INFOPLIST_KEY_UIApplicationSupportsIndirectInputEvents = YES;
				INFOPLIST_KEY_UILaunchStoryboardName = LaunchScreen;
				INFOPLIST_KEY_UISupportedInterfaceOrientations_iPad = "UIInterfaceOrientationPortrait UIInterfaceOrientationPortraitUpsideDown UIInterfaceOrientationLandscapeLeft UIInterfaceOrientationLandscapeRight";
				INFOPLIST_KEY_UISupportedInterfaceOrientations_iPhone = "UIInterfaceOrientationPortrait UIInterfaceOrientationLandscapeLeft UIInterfaceOrientationLandscapeRight";
				LD_RUNPATH_SEARCH_PATHS = (
					"$(inherited)",
					"@executable_path/Frameworks",
				);
				MARKETING_VERSION = 1.0;
				PRODUCT_BUNDLE_IDENTIFIER = "co.willyhsu.OpenAI-SideProject";
				PRODUCT_NAME = "$(TARGET_NAME)";
				SWIFT_EMIT_LOC_STRINGS = YES;
				SWIFT_VERSION = 5.0;
				TARGETED_DEVICE_FAMILY = "1,2";
			};
			name = Debug;
		};
		15AC96C22DF1796E0071110E /* Release */ = {
			isa = XCBuildConfiguration;
			buildSettings = {
				ASSETCATALOG_COMPILER_APPICON_NAME = AppIcon;
				ASSETCATALOG_COMPILER_GLOBAL_ACCENT_COLOR_NAME = AccentColor;
				CODE_SIGN_STYLE = Automatic;
				CURRENT_PROJECT_VERSION = 1;
				DEVELOPMENT_TEAM = G5A93Q7SG9;
				GENERATE_INFOPLIST_FILE = YES;
				INFOPLIST_FILE = OpenAI_SideProject/Info.plist;
				INFOPLIST_KEY_UIApplicationSupportsIndirectInputEvents = YES;
				INFOPLIST_KEY_UILaunchStoryboardName = LaunchScreen;
				INFOPLIST_KEY_UISupportedInterfaceOrientations_iPad = "UIInterfaceOrientationPortrait UIInterfaceOrientationPortraitUpsideDown UIInterfaceOrientationLandscapeLeft UIInterfaceOrientationLandscapeRight";
				INFOPLIST_KEY_UISupportedInterfaceOrientations_iPhone = "UIInterfaceOrientationPortrait UIInterfaceOrientationLandscapeLeft UIInterfaceOrientationLandscapeRight";
				LD_RUNPATH_SEARCH_PATHS = (
					"$(inherited)",
					"@executable_path/Frameworks",
				);
				MARKETING_VERSION = 1.0;
				PRODUCT_BUNDLE_IDENTIFIER = "co.willyhsu.OpenAI-SideProject";
				PRODUCT_NAME = "$(TARGET_NAME)";
				SWIFT_EMIT_LOC_STRINGS = YES;
				SWIFT_VERSION = 5.0;
				TARGETED_DEVICE_FAMILY = "1,2";
			};
			name = Release;
		};
		15AC96C32DF1796E0071110E /* Debug */ = {
			isa = XCBuildConfiguration;
			buildSettings = {
				ALWAYS_SEARCH_USER_PATHS = NO;
				ASSETCATALOG_COMPILER_GENERATE_SWIFT_ASSET_SYMBOL_EXTENSIONS = YES;
				CLANG_ANALYZER_NONNULL = YES;
				CLANG_ANALYZER_NUMBER_OBJECT_CONVERSION = YES_AGGRESSIVE;
				CLANG_CXX_LANGUAGE_STANDARD = "gnu++20";
				CLANG_ENABLE_MODULES = YES;
				CLANG_ENABLE_OBJC_ARC = YES;
				CLANG_ENABLE_OBJC_WEAK = YES;
				CLANG_WARN_BLOCK_CAPTURE_AUTORELEASING = YES;
				CLANG_WARN_BOOL_CONVERSION = YES;
				CLANG_WARN_COMMA = YES;
				CLANG_WARN_CONSTANT_CONVERSION = YES;
				CLANG_WARN_DEPRECATED_OBJC_IMPLEMENTATIONS = YES;
				CLANG_WARN_DIRECT_OBJC_ISA_USAGE = YES_ERROR;
				CLANG_WARN_DOCUMENTATION_COMMENTS = YES;
				CLANG_WARN_EMPTY_BODY = YES;
				CLANG_WARN_ENUM_CONVERSION = YES;
				CLANG_WARN_INFINITE_RECURSION = YES;
				CLANG_WARN_INT_CONVERSION = YES;
				CLANG_WARN_NON_LITERAL_NULL_CONVERSION = YES;
				CLANG_WARN_OBJC_IMPLICIT_RETAIN_SELF = YES;
				CLANG_WARN_OBJC_LITERAL_CONVERSION = YES;
				CLANG_WARN_OBJC_ROOT_CLASS = YES_ERROR;
				CLANG_WARN_QUOTED_INCLUDE_IN_FRAMEWORK_HEADER = YES;
				CLANG_WARN_RANGE_LOOP_ANALYSIS = YES;
				CLANG_WARN_STRICT_PROTOTYPES = YES;
				CLANG_WARN_SUSPICIOUS_MOVE = YES;
				CLANG_WARN_UNGUARDED_AVAILABILITY = YES_AGGRESSIVE;
				CLANG_WARN_UNREACHABLE_CODE = YES;
				CLANG_WARN__DUPLICATE_METHOD_MATCH = YES;
				COPY_PHASE_STRIP = NO;
				DEBUG_INFORMATION_FORMAT = dwarf;
				DEVELOPMENT_TEAM = G5A93Q7SG9;
				ENABLE_STRICT_OBJC_MSGSEND = YES;
				ENABLE_TESTABILITY = YES;
				ENABLE_USER_SCRIPT_SANDBOXING = YES;
				GCC_C_LANGUAGE_STANDARD = gnu17;
				GCC_DYNAMIC_NO_PIC = NO;
				GCC_NO_COMMON_BLOCKS = YES;
				GCC_OPTIMIZATION_LEVEL = 0;
				GCC_PREPROCESSOR_DEFINITIONS = (
					"DEBUG=1",
					"$(inherited)",
				);
				GCC_WARN_64_TO_32_BIT_CONVERSION = YES;
				GCC_WARN_ABOUT_RETURN_TYPE = YES_ERROR;
				GCC_WARN_UNDECLARED_SELECTOR = YES;
				GCC_WARN_UNINITIALIZED_AUTOS = YES_AGGRESSIVE;
				GCC_WARN_UNUSED_FUNCTION = YES;
				GCC_WARN_UNUSED_VARIABLE = YES;
				IPHONEOS_DEPLOYMENT_TARGET = 18.5;
				LOCALIZATION_PREFERS_STRING_CATALOGS = YES;
				MTL_ENABLE_DEBUG_INFO = INCLUDE_SOURCE;
				MTL_FAST_MATH = YES;
				ONLY_ACTIVE_ARCH = YES;
				SDKROOT = iphoneos;
				SWIFT_ACTIVE_COMPILATION_CONDITIONS = "DEBUG $(inherited)";
				SWIFT_OPTIMIZATION_LEVEL = "-Onone";
			};
			name = Debug;
		};
		15AC96C42DF1796E0071110E /* Release */ = {
			isa = XCBuildConfiguration;
			buildSettings = {
				ALWAYS_SEARCH_USER_PATHS = NO;
				ASSETCATALOG_COMPILER_GENERATE_SWIFT_ASSET_SYMBOL_EXTENSIONS = YES;
				CLANG_ANALYZER_NONNULL = YES;
				CLANG_ANALYZER_NUMBER_OBJECT_CONVERSION = YES_AGGRESSIVE;
				CLANG_CXX_LANGUAGE_STANDARD = "gnu++20";
				CLANG_ENABLE_MODULES = YES;
				CLANG_ENABLE_OBJC_ARC = YES;
				CLANG_ENABLE_OBJC_WEAK = YES;
				CLANG_WARN_BLOCK_CAPTURE_AUTORELEASING = YES;
				CLANG_WARN_BOOL_CONVERSION = YES;
				CLANG_WARN_COMMA = YES;
				CLANG_WARN_CONSTANT_CONVERSION = YES;
				CLANG_WARN_DEPRECATED_OBJC_IMPLEMENTATIONS = YES;
				CLANG_WARN_DIRECT_OBJC_ISA_USAGE = YES_ERROR;
				CLANG_WARN_DOCUMENTATION_COMMENTS = YES;
				CLANG_WARN_EMPTY_BODY = YES;
				CLANG_WARN_ENUM_CONVERSION = YES;
				CLANG_WARN_INFINITE_RECURSION = YES;
				CLANG_WARN_INT_CONVERSION = YES;
				CLANG_WARN_NON_LITERAL_NULL_CONVERSION = YES;
				CLANG_WARN_OBJC_IMPLICIT_RETAIN_SELF = YES;
				CLANG_WARN_OBJC_LITERAL_CONVERSION = YES;
				CLANG_WARN_OBJC_ROOT_CLASS = YES_ERROR;
				CLANG_WARN_QUOTED_INCLUDE_IN_FRAMEWORK_HEADER = YES;
				CLANG_WARN_RANGE_LOOP_ANALYSIS = YES;
				CLANG_WARN_STRICT_PROTOTYPES = YES;
				CLANG_WARN_SUSPICIOUS_MOVE = YES;
				CLANG_WARN_UNGUARDED_AVAILABILITY = YES_AGGRESSIVE;
				CLANG_WARN_UNREACHABLE_CODE = YES;
				CLANG_WARN__DUPLICATE_METHOD_MATCH = YES;
				COPY_PHASE_STRIP = NO;
				DEBUG_INFORMATION_FORMAT = "dwarf-with-dsym";
				DEVELOPMENT_TEAM = G5A93Q7SG9;
				ENABLE_NS_ASSERTIONS = NO;
				ENABLE_STRICT_OBJC_MSGSEND = YES;
				ENABLE_USER_SCRIPT_SANDBOXING = YES;
				GCC_C_LANGUAGE_STANDARD = gnu17;
				GCC_NO_COMMON_BLOCKS = YES;
				GCC_WARN_64_TO_32_BIT_CONVERSION = YES;
				GCC_WARN_ABOUT_RETURN_TYPE = YES_ERROR;
				GCC_WARN_UNDECLARED_SELECTOR = YES;
				GCC_WARN_UNINITIALIZED_AUTOS = YES_AGGRESSIVE;
				GCC_WARN_UNUSED_FUNCTION = YES;
				GCC_WARN_UNUSED_VARIABLE = YES;
				IPHONEOS_DEPLOYMENT_TARGET = 18.5;
				LOCALIZATION_PREFERS_STRING_CATALOGS = YES;
				MTL_ENABLE_DEBUG_INFO = NO;
				MTL_FAST_MATH = YES;
				SDKROOT = iphoneos;
				SWIFT_COMPILATION_MODE = wholemodule;
				VALIDATE_PRODUCT = YES;
			};
			name = Release;
		};
		15AC96C62DF1796E0071110E /* Debug */ = {
			isa = XCBuildConfiguration;
			buildSettings = {
				BUNDLE_LOADER = "$(TEST_HOST)";
				CODE_SIGN_STYLE = Automatic;
				CURRENT_PROJECT_VERSION = 1;
				DEVELOPMENT_TEAM = G5A93Q7SG9;
				GENERATE_INFOPLIST_FILE = YES;
				IPHONEOS_DEPLOYMENT_TARGET = 18.5;
				MARKETING_VERSION = 1.0;
				PRODUCT_BUNDLE_IDENTIFIER = "co.willyhsu.OpenAI-SideProjectTests";
				PRODUCT_NAME = "$(TARGET_NAME)";
				SWIFT_EMIT_LOC_STRINGS = NO;
				SWIFT_VERSION = 5.0;
				TARGETED_DEVICE_FAMILY = "1,2";
				TEST_HOST = "$(BUILT_PRODUCTS_DIR)/OpenAI_SideProject.app/$(BUNDLE_EXECUTABLE_FOLDER_PATH)/OpenAI_SideProject";
			};
			name = Debug;
		};
		15AC96C72DF1796E0071110E /* Release */ = {
			isa = XCBuildConfiguration;
			buildSettings = {
				BUNDLE_LOADER = "$(TEST_HOST)";
				CODE_SIGN_STYLE = Automatic;
				CURRENT_PROJECT_VERSION = 1;
				DEVELOPMENT_TEAM = G5A93Q7SG9;
				GENERATE_INFOPLIST_FILE = YES;
				IPHONEOS_DEPLOYMENT_TARGET = 18.5;
				MARKETING_VERSION = 1.0;
				PRODUCT_BUNDLE_IDENTIFIER = "co.willyhsu.OpenAI-SideProjectTests";
				PRODUCT_NAME = "$(TARGET_NAME)";
				SWIFT_EMIT_LOC_STRINGS = NO;
				SWIFT_VERSION = 5.0;
				TARGETED_DEVICE_FAMILY = "1,2";
				TEST_HOST = "$(BUILT_PRODUCTS_DIR)/OpenAI_SideProject.app/$(BUNDLE_EXECUTABLE_FOLDER_PATH)/OpenAI_SideProject";
			};
			name = Release;
		};
		15AC96C92DF1796E0071110E /* Debug */ = {
			isa = XCBuildConfiguration;
			buildSettings = {
				CODE_SIGN_STYLE = Automatic;
				CURRENT_PROJECT_VERSION = 1;
				DEVELOPMENT_TEAM = G5A93Q7SG9;
				GENERATE_INFOPLIST_FILE = YES;
				MARKETING_VERSION = 1.0;
				PRODUCT_BUNDLE_IDENTIFIER = "co.willyhsu.OpenAI-SideProjectUITests";
				PRODUCT_NAME = "$(TARGET_NAME)";
				SWIFT_EMIT_LOC_STRINGS = NO;
				SWIFT_VERSION = 5.0;
				TARGETED_DEVICE_FAMILY = "1,2";
				TEST_TARGET_NAME = OpenAI_SideProject;
			};
			name = Debug;
		};
		15AC96CA2DF1796E0071110E /* Release */ = {
			isa = XCBuildConfiguration;
			buildSettings = {
				CODE_SIGN_STYLE = Automatic;
				CURRENT_PROJECT_VERSION = 1;
				DEVELOPMENT_TEAM = G5A93Q7SG9;
				GENERATE_INFOPLIST_FILE = YES;
				MARKETING_VERSION = 1.0;
				PRODUCT_BUNDLE_IDENTIFIER = "co.willyhsu.OpenAI-SideProjectUITests";
				PRODUCT_NAME = "$(TARGET_NAME)";
				SWIFT_EMIT_LOC_STRINGS = NO;
				SWIFT_VERSION = 5.0;
				TARGETED_DEVICE_FAMILY = "1,2";
				TEST_TARGET_NAME = OpenAI_SideProject;
			};
			name = Release;
		};
/* End XCBuildConfiguration section */

/* Begin XCConfigurationList section */
		15AC968F2DF1796C0071110E /* Build configuration list for PBXProject "OpenAI_SideProject" */ = {
			isa = XCConfigurationList;
			buildConfigurations = (
				15AC96C32DF1796E0071110E /* Debug */,
				15AC96C42DF1796E0071110E /* Release */,
			);
			defaultConfigurationIsVisible = 0;
			defaultConfigurationName = Release;
		};
		15AC96C02DF1796E0071110E /* Build configuration list for PBXNativeTarget "OpenAI_SideProject" */ = {
			isa = XCConfigurationList;
			buildConfigurations = (
				15AC96C12DF1796E0071110E /* Debug */,
				15AC96C22DF1796E0071110E /* Release */,
			);
			defaultConfigurationIsVisible = 0;
			defaultConfigurationName = Release;
		};
		15AC96C52DF1796E0071110E /* Build configuration list for PBXNativeTarget "OpenAI_SideProjectTests" */ = {
			isa = XCConfigurationList;
			buildConfigurations = (
				15AC96C62DF1796E0071110E /* Debug */,
				15AC96C72DF1796E0071110E /* Release */,
			);
			defaultConfigurationIsVisible = 0;
			defaultConfigurationName = Release;
		};
		15AC96C82DF1796E0071110E /* Build configuration list for PBXNativeTarget "OpenAI_SideProjectUITests" */ = {
			isa = XCConfigurationList;
			buildConfigurations = (
				15AC96C92DF1796E0071110E /* Debug */,
				15AC96CA2DF1796E0071110E /* Release */,
			);
			defaultConfigurationIsVisible = 0;
			defaultConfigurationName = Release;
		};
/* End XCConfigurationList section */

/* Begin XCRemoteSwiftPackageReference section */
		15AC96EF2DF17C4D0071110E /* XCRemoteSwiftPackageReference "SnapKit" */ = {
			isa = XCRemoteSwiftPackageReference;
			repositoryURL = "https://github.com/SnapKit/SnapKit";
			requirement = {
				kind = upToNextMajorVersion;
				minimumVersion = 5.7.1;
			};
		};
		15AC96F22DF17C5E0071110E /* XCRemoteSwiftPackageReference "Alamofire" */ = {
			isa = XCRemoteSwiftPackageReference;
			repositoryURL = "https://github.com/Alamofire/Alamofire";
			requirement = {
				kind = upToNextMajorVersion;
				minimumVersion = 5.10.2;
			};
		};
		15AC96FD2DF2C0150071110E /* XCRemoteSwiftPackageReference "lottie-ios" */ = {
			isa = XCRemoteSwiftPackageReference;
			repositoryURL = "https://github.com/airbnb/lottie-ios";
			requirement = {
				kind = upToNextMajorVersion;
				minimumVersion = 4.5.2;
			};
		};
/* End XCRemoteSwiftPackageReference section */

/* Begin XCSwiftPackageProductDependency section */
		15AC96F02DF17C4D0071110E /* SnapKit */ = {
			isa = XCSwiftPackageProductDependency;
			package = 15AC96EF2DF17C4D0071110E /* XCRemoteSwiftPackageReference "SnapKit" */;
			productName = SnapKit;
		};
		15AC96F32DF17C5E0071110E /* Alamofire */ = {
			isa = XCSwiftPackageProductDependency;
			package = 15AC96F22DF17C5E0071110E /* XCRemoteSwiftPackageReference "Alamofire" */;
			productName = Alamofire;
		};
		15AC96FE2DF2C0150071110E /* Lottie */ = {
			isa = XCSwiftPackageProductDependency;
			package = 15AC96FD2DF2C0150071110E /* XCRemoteSwiftPackageReference "lottie-ios" */;
			productName = Lottie;
		};
/* End XCSwiftPackageProductDependency section */
	};
	rootObject = 15AC968C2DF1796C0071110E /* Project object */;
}
